
Microsoft Visual Studio Solution File, Format Version 12.00
# Visual Studio Version 17
VisualStudioVersion = 17.8.34330.188
MinimumVisualStudioVersion = 10.0.40219.1
Project("{FAE04EC0-301F-11D3-BF4B-00C04F79EFBC}") = "Wheels Away", "Wheels Away.csproj", "{5596FACC-DAEF-4B4D-A43A-DEE56334752C}"
EndProject
Global
	GlobalSection(SolutionConfigurationPlatforms) = preSolution
		Debug|Any CPU = Debug|Any CPU
		Release|Any CPU = Release|Any CPU
	EndGlobalSection
	GlobalSection(ProjectConfigurationPlatforms) = postSolution
		{5596FACC-DAEF-4B4D-A43A-DEE56334752C}.Debug|Any CPU.ActiveCfg = Debug|Any CPU
		{5596FACC-DAEF-4B4D-A43A-DEE56334752C}.Debug|Any CPU.Build.0 = Debug|Any CPU
		{5596FACC-DAEF-4B4D-A43A-DEE56334752C}.Release|Any CPU.ActiveCfg = Release|Any CPU
		{5596FACC-DAEF-4B4D-A43A-DEE56334752C}.Release|Any CPU.Build.0 = Release|Any CPU
	EndGlobalSection
	GlobalSection(SolutionProperties) = preSolution
		HideSolutionNode = FALSE
	EndGlobalSection
	GlobalSection(ExtensibilityGlobals) = postSolution
		SolutionGuid = {907A3BEB-3F36-4828-AA01-7860EA1F11F7}
	EndGlobalSection
EndGlobal
